
Microsoft Visual Studio Solution File, Format Version 12.00
# Visual Studio Version 16
VisualStudioVersion = 16.0.30320.27
MinimumVisualStudioVersion = 10.0.40219.1
Project("{FAE04EC0-301F-11D3-BF4B-00C04F79EFBC}") = "Deque", "Deque.csproj", "{AC2D377C-7BD8-407E-85D5-A08C6566F09D}"
EndProject
Global
	GlobalSection(SolutionConfigurationPlatforms) = preSolution
		Debug|Any CPU = Debug|Any CPU
		Release|Any CPU = Release|Any CPU
	EndGlobalSection
	GlobalSection(ProjectConfigurationPlatforms) = postSolution
		{AC2D377C-7BD8-407E-85D5-A08C6566F09D}.Debug|Any CPU.ActiveCfg = Debug|Any CPU
		{AC2D377C-7BD8-407E-85D5-A08C6566F09D}.Debug|Any CPU.Build.0 = Debug|Any CPU
		{AC2D377C-7BD8-407E-85D5-A08C6566F09D}.Release|Any CPU.ActiveCfg = Release|Any CPU
		{AC2D377C-7BD8-407E-85D5-A08C6566F09D}.Release|Any CPU.Build.0 = Release|Any CPU
	EndGlobalSection
	GlobalSection(SolutionProperties) = preSolution
		HideSolutionNode = FALSE
	EndGlobalSection
	GlobalSection(ExtensibilityGlobals) = postSolution
		SolutionGuid = {8D54BAEC-1DBD-401F-9813-1D4613591EBE}
	EndGlobalSection
EndGlobal
